
Microsoft Visual Studio Solution File, Format Version 12.00
# Visual Studio Version 17
VisualStudioVersion = 17.1.32407.343
MinimumVisualStudioVersion = 10.0.40219.1
Project("{FAE04EC0-301F-11D3-BF4B-00C04F79EFBC}") = "CachingWebApp", "CachingWebApp.csproj", "{436FE151-B80F-45F1-A331-571E6F8D4BEA}"
EndProject
Global
	GlobalSection(SolutionConfigurationPlatforms) = preSolution
		Debug|Any CPU = Debug|Any CPU
		Release|Any CPU = Release|Any CPU
	EndGlobalSection
	GlobalSection(ProjectConfigurationPlatforms) = postSolution
		{436FE151-B80F-45F1-A331-571E6F8D4BEA}.Debug|Any CPU.ActiveCfg = Debug|Any CPU
		{436FE151-B80F-45F1-A331-571E6F8D4BEA}.Debug|Any CPU.Build.0 = Debug|Any CPU
		{436FE151-B80F-45F1-A331-571E6F8D4BEA}.Release|Any CPU.ActiveCfg = Release|Any CPU
		{436FE151-B80F-45F1-A331-571E6F8D4BEA}.Release|Any CPU.Build.0 = Release|Any CPU
	EndGlobalSection
	GlobalSection(SolutionProperties) = preSolution
		HideSolutionNode = FALSE
	EndGlobalSection
	GlobalSection(ExtensibilityGlobals) = postSolution
		SolutionGuid = {EB6DDD06-7ED1-49EA-82FD-6E02A7F831CB}
	EndGlobalSection
EndGlobal
