
Microsoft Visual Studio Solution File, Format Version 12.00
# Visual Studio Version 17
VisualStudioVersion = 17.1.32407.343
MinimumVisualStudioVersion = 10.0.40219.1
Project("{FAE04EC0-301F-11D3-BF4B-00C04F79EFBC}") = "AjaxDemoApp", "AjaxDemoApp.csproj", "{D00B66D6-BCCD-465C-AEB9-21A9E79D8430}"
EndProject
Global
	GlobalSection(SolutionConfigurationPlatforms) = preSolution
		Debug|Any CPU = Debug|Any CPU
		Release|Any CPU = Release|Any CPU
	EndGlobalSection
	GlobalSection(ProjectConfigurationPlatforms) = postSolution
		{D00B66D6-BCCD-465C-AEB9-21A9E79D8430}.Debug|Any CPU.ActiveCfg = Debug|Any CPU
		{D00B66D6-BCCD-465C-AEB9-21A9E79D8430}.Debug|Any CPU.Build.0 = Debug|Any CPU
		{D00B66D6-BCCD-465C-AEB9-21A9E79D8430}.Release|Any CPU.ActiveCfg = Release|Any CPU
		{D00B66D6-BCCD-465C-AEB9-21A9E79D8430}.Release|Any CPU.Build.0 = Release|Any CPU
	EndGlobalSection
	GlobalSection(SolutionProperties) = preSolution
		HideSolutionNode = FALSE
	EndGlobalSection
	GlobalSection(ExtensibilityGlobals) = postSolution
		SolutionGuid = {B2261E14-01F1-400F-899B-B8EF72C3E253}
	EndGlobalSection
EndGlobal
