
Microsoft Visual Studio Solution File, Format Version 12.00
# Visual Studio Version 17
VisualStudioVersion = 17.1.32407.343
MinimumVisualStudioVersion = 10.0.40219.1
Project("{FAE04EC0-301F-11D3-BF4B-00C04F79EFBC}") = "MasterPagesDemoApp", "MasterPagesDemoApp.csproj", "{A4BBAFDC-3331-4098-9AA6-9AB3B3E92325}"
EndProject
Global
	GlobalSection(SolutionConfigurationPlatforms) = preSolution
		Debug|Any CPU = Debug|Any CPU
		Release|Any CPU = Release|Any CPU
	EndGlobalSection
	GlobalSection(ProjectConfigurationPlatforms) = postSolution
		{A4BBAFDC-3331-4098-9AA6-9AB3B3E92325}.Debug|Any CPU.ActiveCfg = Debug|Any CPU
		{A4BBAFDC-3331-4098-9AA6-9AB3B3E92325}.Debug|Any CPU.Build.0 = Debug|Any CPU
		{A4BBAFDC-3331-4098-9AA6-9AB3B3E92325}.Release|Any CPU.ActiveCfg = Release|Any CPU
		{A4BBAFDC-3331-4098-9AA6-9AB3B3E92325}.Release|Any CPU.Build.0 = Release|Any CPU
	EndGlobalSection
	GlobalSection(SolutionProperties) = preSolution
		HideSolutionNode = FALSE
	EndGlobalSection
	GlobalSection(ExtensibilityGlobals) = postSolution
		SolutionGuid = {FE9C8C24-2825-45F1-9C19-C10D8D270BB7}
	EndGlobalSection
EndGlobal
