
Microsoft Visual Studio Solution File, Format Version 12.00
# Visual Studio Version 17
VisualStudioVersion = 17.1.32407.343
MinimumVisualStudioVersion = 10.0.40219.1
Project("{FAE04EC0-301F-11D3-BF4B-00C04F79EFBC}") = "ControlDemoApp", "ControlDemoApp.csproj", "{14BA4BD2-6934-4280-A44B-BF8A25A5069B}"
EndProject
Global
	GlobalSection(SolutionConfigurationPlatforms) = preSolution
		Debug|Any CPU = Debug|Any CPU
		Release|Any CPU = Release|Any CPU
	EndGlobalSection
	GlobalSection(ProjectConfigurationPlatforms) = postSolution
		{14BA4BD2-6934-4280-A44B-BF8A25A5069B}.Debug|Any CPU.ActiveCfg = Debug|Any CPU
		{14BA4BD2-6934-4280-A44B-BF8A25A5069B}.Debug|Any CPU.Build.0 = Debug|Any CPU
		{14BA4BD2-6934-4280-A44B-BF8A25A5069B}.Release|Any CPU.ActiveCfg = Release|Any CPU
		{14BA4BD2-6934-4280-A44B-BF8A25A5069B}.Release|Any CPU.Build.0 = Release|Any CPU
	EndGlobalSection
	GlobalSection(SolutionProperties) = preSolution
		HideSolutionNode = FALSE
	EndGlobalSection
	GlobalSection(ExtensibilityGlobals) = postSolution
		SolutionGuid = {2EAB3256-E9C4-4546-8EBB-18EC1F11F09F}
	EndGlobalSection
EndGlobal
