
Microsoft Visual Studio Solution File, Format Version 12.00
# Visual Studio Version 17
VisualStudioVersion = 17.1.32407.343
MinimumVisualStudioVersion = 10.0.40219.1
Project("{FAE04EC0-301F-11D3-BF4B-00C04F79EFBC}") = "CookiesDemoApp", "CookiesDemoApp.csproj", "{CDB591DE-B13E-446D-AC93-6D974E6E6F07}"
EndProject
Global
	GlobalSection(SolutionConfigurationPlatforms) = preSolution
		Debug|Any CPU = Debug|Any CPU
		Release|Any CPU = Release|Any CPU
	EndGlobalSection
	GlobalSection(ProjectConfigurationPlatforms) = postSolution
		{CDB591DE-B13E-446D-AC93-6D974E6E6F07}.Debug|Any CPU.ActiveCfg = Debug|Any CPU
		{CDB591DE-B13E-446D-AC93-6D974E6E6F07}.Debug|Any CPU.Build.0 = Debug|Any CPU
		{CDB591DE-B13E-446D-AC93-6D974E6E6F07}.Release|Any CPU.ActiveCfg = Release|Any CPU
		{CDB591DE-B13E-446D-AC93-6D974E6E6F07}.Release|Any CPU.Build.0 = Release|Any CPU
	EndGlobalSection
	GlobalSection(SolutionProperties) = preSolution
		HideSolutionNode = FALSE
	EndGlobalSection
	GlobalSection(ExtensibilityGlobals) = postSolution
		SolutionGuid = {E8D1532C-1D38-4848-8DB1-FB7046DCA084}
	EndGlobalSection
EndGlobal
